
Microsoft Visual Studio Solution File, Format Version 12.00
# Visual Studio 15
VisualStudioVersion = 15.0.26430.6
MinimumVisualStudioVersion = 10.0.40219.1
Project("{FAE04EC0-301F-11D3-BF4B-00C04F79EFBC}") = "RPGCompanion.IdentityServer", "RPGCompanion.IdentityServer\RPGCompanion.IdentityServer.csproj", "{86F65490-2BEE-45D9-A145-5101A7245F26}"
EndProject
Project("{FAE04EC0-301F-11D3-BF4B-00C04F79EFBC}") = "RPGCompanion.Android", "RPGCompanion.Android\RPGCompanion.Android.csproj", "{9C113D35-5148-405E-9038-550763BF4A33}"
EndProject
Project("{FAE04EC0-301F-11D3-BF4B-00C04F79EFBC}") = "RPGCompanion.Application", "RPGCompanion.Application\RPGCompanion.Application.csproj", "{11E12DA0-4D82-4BF3-B62D-286C2122068B}"
EndProject
Project("{FAE04EC0-301F-11D3-BF4B-00C04F79EFBC}") = "RPGCompanion.Domain", "RPGCompanion.Domain\RPGCompanion.Domain.csproj", "{F0D8F511-E135-4E4B-85E9-001EE040B692}"
EndProject
Project("{FAE04EC0-301F-11D3-BF4B-00C04F79EFBC}") = "RPGCompanion.Infrastructure", "RPGCompanion.Infrastructure\RPGCompanion.Infrastructure.csproj", "{5A482139-74CB-4FBE-9DFF-2C923F7324E1}"
EndProject
Project("{FAE04EC0-301F-11D3-BF4B-00C04F79EFBC}") = "RPGCompanion.Api.IoC", "RPGCompanion.Api.IoC\RPGCompanion.Api.IoC.csproj", "{70C16B03-4DB3-4113-8F5C-693A6165747D}"
EndProject
Project("{FAE04EC0-301F-11D3-BF4B-00C04F79EFBC}") = "RPGCompanion.AcceptanceTests", "RPGCompanion.AcceptanceTests\RPGCompanion.AcceptanceTests.csproj", "{F44AE58F-DAD4-4BEE-B0EB-FFEC817D5EB9}"
EndProject
Project("{FAE04EC0-301F-11D3-BF4B-00C04F79EFBC}") = "RPGCompanion.Api", "RPGCompanion.Api\RPGCompanion.Api.csproj", "{A7285EB5-85C9-4795-AD46-142BD3B08494}"
EndProject
Project("{FAE04EC0-301F-11D3-BF4B-00C04F79EFBC}") = "RPGCompanion.Api.Host", "RPGCompanion.Api.Host\RPGCompanion.Api.Host.csproj", "{EA8F10BD-CB67-455B-8A46-5B725EC5DDBB}"
EndProject
Project("{FAE04EC0-301F-11D3-BF4B-00C04F79EFBC}") = "RPGCompanion.Api.SelfHost", "RPGCompanion.Api.SelfHost\RPGCompanion.Api.SelfHost.csproj", "{199D3EA4-EBCD-4951-A0C3-674E2307CE47}"
EndProject
Project("{2150E333-8FDC-42A3-9474-1A3956D46DE8}") = "Tests", "Tests", "{D93CBA72-7029-405B-B437-37436B3BDEED}"
EndProject
Project("{2150E333-8FDC-42A3-9474-1A3956D46DE8}") = "Client", "Client", "{29A1985B-40A8-4988-B020-EFE82936BA42}"
EndProject
Project("{2150E333-8FDC-42A3-9474-1A3956D46DE8}") = "Core", "Core", "{03596E53-086A-4116-BEBB-5E651C45D6C2}"
EndProject
Project("{2150E333-8FDC-42A3-9474-1A3956D46DE8}") = "Authorisation", "Authorisation", "{D4388BF8-455E-40B2-9D89-6CEA0B0CFB9F}"
EndProject
Project("{2150E333-8FDC-42A3-9474-1A3956D46DE8}") = "Api", "Api", "{8A28EC69-F394-4A4D-BC12-B66CC9B3882B}"
EndProject
Project("{2150E333-8FDC-42A3-9474-1A3956D46DE8}") = "Infrastructure", "Infrastructure", "{2ECC7C91-F23D-449B-83D3-EF582C090582}"
EndProject
Project("{FAE04EC0-301F-11D3-BF4B-00C04F79EFBC}") = "RPGCompanion.Api.Middleware", "RPGCompanion.Api.Middleware\RPGCompanion.Api.Middleware.csproj", "{C95FFEF3-B393-4745-A34E-81175CEACC0C}"
EndProject
Global
	GlobalSection(SolutionConfigurationPlatforms) = preSolution
		Debug|Any CPU = Debug|Any CPU
		Release|Any CPU = Release|Any CPU
	EndGlobalSection
	GlobalSection(ProjectConfigurationPlatforms) = postSolution
		{86F65490-2BEE-45D9-A145-5101A7245F26}.Debug|Any CPU.ActiveCfg = Debug|Any CPU
		{86F65490-2BEE-45D9-A145-5101A7245F26}.Debug|Any CPU.Build.0 = Debug|Any CPU
		{86F65490-2BEE-45D9-A145-5101A7245F26}.Release|Any CPU.ActiveCfg = Release|Any CPU
		{86F65490-2BEE-45D9-A145-5101A7245F26}.Release|Any CPU.Build.0 = Release|Any CPU
		{9C113D35-5148-405E-9038-550763BF4A33}.Debug|Any CPU.ActiveCfg = Debug|Any CPU
		{9C113D35-5148-405E-9038-550763BF4A33}.Debug|Any CPU.Build.0 = Debug|Any CPU
		{9C113D35-5148-405E-9038-550763BF4A33}.Debug|Any CPU.Deploy.0 = Debug|Any CPU
		{9C113D35-5148-405E-9038-550763BF4A33}.Release|Any CPU.ActiveCfg = Release|Any CPU
		{9C113D35-5148-405E-9038-550763BF4A33}.Release|Any CPU.Build.0 = Release|Any CPU
		{9C113D35-5148-405E-9038-550763BF4A33}.Release|Any CPU.Deploy.0 = Release|Any CPU
		{11E12DA0-4D82-4BF3-B62D-286C2122068B}.Debug|Any CPU.ActiveCfg = Debug|Any CPU
		{11E12DA0-4D82-4BF3-B62D-286C2122068B}.Debug|Any CPU.Build.0 = Debug|Any CPU
		{11E12DA0-4D82-4BF3-B62D-286C2122068B}.Release|Any CPU.ActiveCfg = Release|Any CPU
		{11E12DA0-4D82-4BF3-B62D-286C2122068B}.Release|Any CPU.Build.0 = Release|Any CPU
		{F0D8F511-E135-4E4B-85E9-001EE040B692}.Debug|Any CPU.ActiveCfg = Debug|Any CPU
		{F0D8F511-E135-4E4B-85E9-001EE040B692}.Debug|Any CPU.Build.0 = Debug|Any CPU
		{F0D8F511-E135-4E4B-85E9-001EE040B692}.Release|Any CPU.ActiveCfg = Release|Any CPU
		{F0D8F511-E135-4E4B-85E9-001EE040B692}.Release|Any CPU.Build.0 = Release|Any CPU
		{5A482139-74CB-4FBE-9DFF-2C923F7324E1}.Debug|Any CPU.ActiveCfg = Debug|Any CPU
		{5A482139-74CB-4FBE-9DFF-2C923F7324E1}.Debug|Any CPU.Build.0 = Debug|Any CPU
		{5A482139-74CB-4FBE-9DFF-2C923F7324E1}.Release|Any CPU.ActiveCfg = Release|Any CPU
		{5A482139-74CB-4FBE-9DFF-2C923F7324E1}.Release|Any CPU.Build.0 = Release|Any CPU
		{70C16B03-4DB3-4113-8F5C-693A6165747D}.Debug|Any CPU.ActiveCfg = Debug|Any CPU
		{70C16B03-4DB3-4113-8F5C-693A6165747D}.Debug|Any CPU.Build.0 = Debug|Any CPU
		{70C16B03-4DB3-4113-8F5C-693A6165747D}.Release|Any CPU.ActiveCfg = Release|Any CPU
		{70C16B03-4DB3-4113-8F5C-693A6165747D}.Release|Any CPU.Build.0 = Release|Any CPU
		{F44AE58F-DAD4-4BEE-B0EB-FFEC817D5EB9}.Debug|Any CPU.ActiveCfg = Debug|Any CPU
		{F44AE58F-DAD4-4BEE-B0EB-FFEC817D5EB9}.Debug|Any CPU.Build.0 = Debug|Any CPU
		{F44AE58F-DAD4-4BEE-B0EB-FFEC817D5EB9}.Release|Any CPU.ActiveCfg = Release|Any CPU
		{F44AE58F-DAD4-4BEE-B0EB-FFEC817D5EB9}.Release|Any CPU.Build.0 = Release|Any CPU
		{A7285EB5-85C9-4795-AD46-142BD3B08494}.Debug|Any CPU.ActiveCfg = Debug|Any CPU
		{A7285EB5-85C9-4795-AD46-142BD3B08494}.Debug|Any CPU.Build.0 = Debug|Any CPU
		{A7285EB5-85C9-4795-AD46-142BD3B08494}.Release|Any CPU.ActiveCfg = Release|Any CPU
		{A7285EB5-85C9-4795-AD46-142BD3B08494}.Release|Any CPU.Build.0 = Release|Any CPU
		{EA8F10BD-CB67-455B-8A46-5B725EC5DDBB}.Debug|Any CPU.ActiveCfg = Debug|Any CPU
		{EA8F10BD-CB67-455B-8A46-5B725EC5DDBB}.Debug|Any CPU.Build.0 = Debug|Any CPU
		{EA8F10BD-CB67-455B-8A46-5B725EC5DDBB}.Release|Any CPU.ActiveCfg = Release|Any CPU
		{EA8F10BD-CB67-455B-8A46-5B725EC5DDBB}.Release|Any CPU.Build.0 = Release|Any CPU
		{199D3EA4-EBCD-4951-A0C3-674E2307CE47}.Debug|Any CPU.ActiveCfg = Debug|Any CPU
		{199D3EA4-EBCD-4951-A0C3-674E2307CE47}.Debug|Any CPU.Build.0 = Debug|Any CPU
		{199D3EA4-EBCD-4951-A0C3-674E2307CE47}.Release|Any CPU.ActiveCfg = Release|Any CPU
		{199D3EA4-EBCD-4951-A0C3-674E2307CE47}.Release|Any CPU.Build.0 = Release|Any CPU
		{C95FFEF3-B393-4745-A34E-81175CEACC0C}.Debug|Any CPU.ActiveCfg = Debug|Any CPU
		{C95FFEF3-B393-4745-A34E-81175CEACC0C}.Debug|Any CPU.Build.0 = Debug|Any CPU
		{C95FFEF3-B393-4745-A34E-81175CEACC0C}.Release|Any CPU.ActiveCfg = Release|Any CPU
		{C95FFEF3-B393-4745-A34E-81175CEACC0C}.Release|Any CPU.Build.0 = Release|Any CPU
	EndGlobalSection
	GlobalSection(SolutionProperties) = preSolution
		HideSolutionNode = FALSE
	EndGlobalSection
	GlobalSection(NestedProjects) = preSolution
		{86F65490-2BEE-45D9-A145-5101A7245F26} = {D4388BF8-455E-40B2-9D89-6CEA0B0CFB9F}
		{9C113D35-5148-405E-9038-550763BF4A33} = {29A1985B-40A8-4988-B020-EFE82936BA42}
		{11E12DA0-4D82-4BF3-B62D-286C2122068B} = {03596E53-086A-4116-BEBB-5E651C45D6C2}
		{F0D8F511-E135-4E4B-85E9-001EE040B692} = {03596E53-086A-4116-BEBB-5E651C45D6C2}
		{5A482139-74CB-4FBE-9DFF-2C923F7324E1} = {2ECC7C91-F23D-449B-83D3-EF582C090582}
		{70C16B03-4DB3-4113-8F5C-693A6165747D} = {8A28EC69-F394-4A4D-BC12-B66CC9B3882B}
		{F44AE58F-DAD4-4BEE-B0EB-FFEC817D5EB9} = {D93CBA72-7029-405B-B437-37436B3BDEED}
		{A7285EB5-85C9-4795-AD46-142BD3B08494} = {8A28EC69-F394-4A4D-BC12-B66CC9B3882B}
		{EA8F10BD-CB67-455B-8A46-5B725EC5DDBB} = {8A28EC69-F394-4A4D-BC12-B66CC9B3882B}
		{199D3EA4-EBCD-4951-A0C3-674E2307CE47} = {8A28EC69-F394-4A4D-BC12-B66CC9B3882B}
		{C95FFEF3-B393-4745-A34E-81175CEACC0C} = {8A28EC69-F394-4A4D-BC12-B66CC9B3882B}
	EndGlobalSection
EndGlobal
